// !$*UTF8*$!
{
    archiveVersion = 1;
    classes = {
    };
    objectVersion = 48;
    objects = {

/* Begin PBXBuildFile section */
        C49843F9200A899900CE8395 /* AppDelegate.swift in Sources */ = {isa = PBXBuildFile; fileRef = C49843F8200A899900CE8395 /* AppDelegate.swift */; };
        C49843FB200A899900CE8395 /* ViewController.swift in Sources */ = {isa = PBXBuildFile; fileRef = C49843FA200A899900CE8395 /* ViewController.swift */; };
        C49843FE200A899900CE8395 /* Main.storyboard in Resources */ = {isa = PBXBuildFile; fileRef = C49843FC200A899900CE8395 /* Main.storyboard */; };
        C4984400200A899900CE8395 /* Assets.xcassets in Resources */ = {isa = PBXBuildFile; fileRef = C49843FF200A899900CE8395 /* Assets.xcassets */; };
        C4984403200A899900CE8395 /* LaunchScreen.storyboard in Resources */ = {isa = PBXBuildFile; fileRef = C4984401200A899900CE8395 /* LaunchScreen.storyboard */; };
        C498440B200A923000CE8395 /* level1.txt in Resources */ = {isa = PBXBuildFile; fileRef = C498440A200A923000CE8395 /* level1.txt */; };
        C498440D200ACD3800CE8395 /* level2.txt in Resources */ = {isa = PBXBuildFile; fileRef = C498440C200ACD3800CE8395 /* level2.txt */; };
/* End PBXBuildFile section */

/* Begin PBXFileReference section */
        C49843F5200A899900CE8395 /* Project8.app */ = {isa = PBXFileReference; explicitFileType = wrapper.application; includeInIndex = 0; path = Project8.app; sourceTree = BUILT_PRODUCTS_DIR; };
        C49843F8200A899900CE8395 /* AppDelegate.swift */ = {isa = PBXFileReference; lastKnownFileType = sourcecode.swift; path = AppDelegate.swift; sourceTree = "<group>"; };
        C49843FA200A899900CE8395 /* ViewController.swift */ = {isa = PBXFileReference; lastKnownFileType = sourcecode.swift; path = ViewController.swift; sourceTree = "<group>"; };
        C49843FD200A899900CE8395 /* Base */ = {isa = PBXFileReference; lastKnownFileType = file.storyboard; name = Base; path = Base.lproj/Main.storyboard; sourceTree = "<group>"; };
        C49843FF200A899900CE8395 /* Assets.xcassets */ = {isa = PBXFileReference; lastKnownFileType = folder.assetcatalog; path = Assets.xcassets; sourceTree = "<group>"; };
        C4984402200A899900CE8395 /* Base */ = {isa = PBXFileReference; lastKnownFileType = file.storyboard; name = Base; path = Base.lproj/LaunchScreen.storyboard; sourceTree = "<group>"; };
        C4984404200A899900CE8395 /* Info.plist */ = {isa = PBXFileReference; lastKnownFileType = text.plist.xml; path = Info.plist; sourceTree = "<group>"; };
        C498440A200A923000CE8395 /* level1.txt */ = {isa = PBXFileReference; fileEncoding = 4; lastKnownFileType = text; path = level1.txt; sourceTree = "<group>"; };
        C498440C200ACD3800CE8395 /* level2.txt */ = {isa = PBXFileReference; fileEncoding = 4; lastKnownFileType = text; path = level2.txt; sourceTree = "<group>"; };
/* End PBXFileReference section */

/* Begin PBXFrameworksBuildPhase section */
        C49843F2200A899900CE8395 /* Frameworks */ = {
            isa = PBXFrameworksBuildPhase;
            buildActionMask = 2147483647;
            files = (
            );
            runOnlyForDeploymentPostprocessing = 0;
        };
/* End PBXFrameworksBuildPhase section */

/* Begin PBXGroup section */
        C49843EC200A899900CE8395 = {
            isa = PBXGroup;
            children = (
                C49843F7200A899900CE8395 /* Project8 */,
                C49843F6200A899900CE8395 /* Products */,
            );
            sourceTree = "<group>";
        };
        C49843F6200A899900CE8395 /* Products */ = {
            isa = PBXGroup;
            children = (
                C49843F5200A899900CE8395 /* Project8.app */,
            );
            name = Products;
            sourceTree = "<group>";
        };
        C49843F7200A899900CE8395 /* Project8 */ = {
            isa = PBXGroup;
            children = (
                C49843F8200A899900CE8395 /* AppDelegate.swift */,
                C49843FA200A899900CE8395 /* ViewController.swift */,
                C49843FC200A899900CE8395 /* Main.storyboard */,
                C49843FF200A899900CE8395 /* Assets.xcassets */,
                C4984401200A899900CE8395 /* LaunchScreen.storyboard */,
                C4984404200A899900CE8395 /* Info.plist */,
                C498440A200A923000CE8395 /* level1.txt */,
                C498440C200ACD3800CE8395 /* level2.txt */,
            );
            path = Project8;
            sourceTree = "<group>";
        };
/* End PBXGroup section */

/* Begin PBXNativeTarget section */
        C49843F4200A899900CE8395 /* Project8 */ = {
            isa = PBXNativeTarget;
            buildConfigurationList = C4984407200A899900CE8395 /* Build configuration list for PBXNativeTarget "Project8" */;
            buildPhases = (
                C49843F1200A899900CE8395 /* Sources */,
                C49843F2200A899900CE8395 /* Frameworks */,
                C49843F3200A899900CE8395 /* Resources */,
            );
            buildRules = (
            );
            dependencies = (
            );
            name = Project8;
            productName = Project8;
            productReference = C49843F5200A899900CE8395 /* Project8.app */;
            productType = "com.apple.product-type.application";
        };
/* End PBXNativeTarget section */

/* Begin PBXProject section */
        C49843ED200A899900CE8395 /* Project object */ = {
            isa = PBXProject;
            attributes = {
                LastSwiftUpdateCheck = 0920;
                LastUpgradeCheck = 0920;
                ORGANIZATIONNAME = "Jack Mustacato";
                TargetAttributes = {
                    C49843F4200A899900CE8395 = {
                        CreatedOnToolsVersion = 9.2;
                        ProvisioningStyle = Automatic;
                    };
                };
            };
            buildConfigurationList = C49843F0200A899900CE8395 /* Build configuration list for PBXProject "Project8" */;
            compatibilityVersion = "Xcode 8.0";
            developmentRegion = en;
            hasScannedForEncodings = 0;
            knownRegions = (
                en,
                Base,
            );
            mainGroup = C49843EC200A899900CE8395;
            productRefGroup = C49843F6200A899900CE8395 /* Products */;
            projectDirPath = "";
            projectRoot = "";
            targets = (
                C49843F4200A899900CE8395 /* Project8 */,
            );
        };
/* End PBXProject section */

/* Begin PBXResourcesBuildPhase section */
        C49843F3200A899900CE8395 /* Resources */ = {
            isa = PBXResourcesBuildPhase;
            buildActionMask = 2147483647;
            files = (
                C498440D200ACD3800CE8395 /* level2.txt in Resources */,
                C4984403200A899900CE8395 /* LaunchScreen.storyboard in Resources */,
                C498440B200A923000CE8395 /* level1.txt in Resources */,
                C4984400200A899900CE8395 /* Assets.xcassets in Resources */,
                C49843FE200A899900CE8395 /* Main.storyboard in Resources */,
            );
            runOnlyForDeploymentPostprocessing = 0;
        };
/* End PBXResourcesBuildPhase section */

/* Begin PBXSourcesBuildPhase section */
        C49843F1200A899900CE8395 /* Sources */ = {
            isa = PBXSourcesBuildPhase;
            buildActionMask = 2147483647;
            files = (
                C49843FB200A899900CE8395 /* ViewController.swift in Sources */,
                C49843F9200A899900CE8395 /* AppDelegate.swift in Sources */,
            );
            runOnlyForDeploymentPostprocessing = 0;
        };
/* End PBXSourcesBuildPhase section */

/* Begin PBXVariantGroup section */
        C49843FC200A899900CE8395 /* Main.storyboard */ = {
            isa = PBXVariantGroup;
            children = (
                C49843FD200A899900CE8395 /* Base */,
            );
            name = Main.storyboard;
            sourceTree = "<group>";
        };
        C4984401200A899900CE8395 /* LaunchScreen.storyboard */ = {
            isa = PBXVariantGroup;
            children = (
                C4984402200A899900CE8395 /* Base */,
            );
            name = LaunchScreen.storyboard;
            sourceTree = "<group>";
        };
/* End PBXVariantGroup section */

/* Begin XCBuildConfiguration section */
        C4984405200A899900CE8395 /* Debug */ = {
            isa = XCBuildConfiguration;
            buildSettings = {
                ALWAYS_SEARCH_USER_PATHS = NO;
                CLANG_ANALYZER_NONNULL = YES;
                CLANG_ANALYZER_NUMBER_OBJECT_CONVERSION = YES_AGGRESSIVE;
                CLANG_CXX_LANGUAGE_STANDARD = "gnu++14";
                CLANG_CXX_LIBRARY = "libc++";
                CLANG_ENABLE_MODULES = YES;
                CLANG_ENABLE_OBJC_ARC = YES;
                CLANG_WARN_BLOCK_CAPTURE_AUTORELEASING = YES;
                CLANG_WARN_BOOL_CONVERSION = YES;
                CLANG_WARN_COMMA = YES;
                CLANG_WARN_CONSTANT_CONVERSION = YES;
                CLANG_WARN_DIRECT_OBJC_ISA_USAGE = YES_ERROR;
                CLANG_WARN_DOCUMENTATION_COMMENTS = YES;
                CLANG_WARN_EMPTY_BODY = YES;
                CLANG_WARN_ENUM_CONVERSION = YES;
                CLANG_WARN_INFINITE_RECURSION = YES;
                CLANG_WARN_INT_CONVERSION = YES;
                CLANG_WARN_NON_LITERAL_NULL_CONVERSION = YES;
                CLANG_WARN_OBJC_LITERAL_CONVERSION = YES;
                CLANG_WARN_OBJC_ROOT_CLASS = YES_ERROR;
                CLANG_WARN_RANGE_LOOP_ANALYSIS = YES;
                CLANG_WARN_STRICT_PROTOTYPES = YES;
                CLANG_WARN_SUSPICIOUS_MOVE = YES;
                CLANG_WARN_UNGUARDED_AVAILABILITY = YES_AGGRESSIVE;
                CLANG_WARN_UNREACHABLE_CODE = YES;
                CLANG_WARN__DUPLICATE_METHOD_MATCH = YES;
                CODE_SIGN_IDENTITY = "iPhone Developer";
                COPY_PHASE_STRIP = NO;
                DEBUG_INFORMATION_FORMAT = dwarf;
                ENABLE_STRICT_OBJC_MSGSEND = YES;
                ENABLE_TESTABILITY = YES;
                GCC_C_LANGUAGE_STANDARD = gnu11;
                GCC_DYNAMIC_NO_PIC = NO;
                GCC_NO_COMMON_BLOCKS = YES;
                GCC_OPTIMIZATION_LEVEL = 0;
                GCC_PREPROCESSOR_DEFINITIONS = (
                    "DEBUG=1",
                    "$(inherited)",
                );
                GCC_WARN_64_TO_32_BIT_CONVERSION = YES;
                GCC_WARN_ABOUT_RETURN_TYPE = YES_ERROR;
                GCC_WARN_UNDECLARED_SELECTOR = YES;
                GCC_WARN_UNINITIALIZED_AUTOS = YES_AGGRESSIVE;
                GCC_WARN_UNUSED_FUNCTION = YES;
                GCC_WARN_UNUSED_VARIABLE = YES;
                IPHONEOS_DEPLOYMENT_TARGET = 11.2;
                MTL_ENABLE_DEBUG_INFO = YES;
                ONLY_ACTIVE_ARCH = YES;
                SDKROOT = iphoneos;
                SWIFT_ACTIVE_COMPILATION_CONDITIONS = DEBUG;
                SWIFT_OPTIMIZATION_LEVEL = "-Onone";
            };
            name = Debug;
        };
        C4984406200A899900CE8395 /* Release */ = {
            isa = XCBuildConfiguration;
            buildSettings = {
                ALWAYS_SEARCH_USER_PATHS = NO;
                CLANG_ANALYZER_NONNULL = YES;
                CLANG_ANALYZER_NUMBER_OBJECT_CONVERSION = YES_AGGRESSIVE;
                CLANG_CXX_LANGUAGE_STANDARD = "gnu++14";
                CLANG_CXX_LIBRARY = "libc++";
                CLANG_ENABLE_MODULES = YES;
                CLANG_ENABLE_OBJC_ARC = YES;
                CLANG_WARN_BLOCK_CAPTURE_AUTORELEASING = YES;
                CLANG_WARN_BOOL_CONVERSION = YES;
                CLANG_WARN_COMMA = YES;
                CLANG_WARN_CONSTANT_CONVERSION = YES;
                CLANG_WARN_DIRECT_OBJC_ISA_USAGE = YES_ERROR;
                CLANG_WARN_DOCUMENTATION_COMMENTS = YES;
                CLANG_WARN_EMPTY_BODY = YES;
                CLANG_WARN_ENUM_CONVERSION = YES;
                CLANG_WARN_INFINITE_RECURSION = YES;
                CLANG_WARN_INT_CONVERSION = YES;
                CLANG_WARN_NON_LITERAL_NULL_CONVERSION = YES;
                CLANG_WARN_OBJC_LITERAL_CONVERSION = YES;
                CLANG_WARN_OBJC_ROOT_CLASS = YES_ERROR;
                CLANG_WARN_RANGE_LOOP_ANALYSIS = YES;
                CLANG_WARN_STRICT_PROTOTYPES = YES;
                CLANG_WARN_SUSPICIOUS_MOVE = YES;
                CLANG_WARN_UNGUARDED_AVAILABILITY = YES_AGGRESSIVE;
                CLANG_WARN_UNREACHABLE_CODE = YES;
                CLANG_WARN__DUPLICATE_METHOD_MATCH = YES;
                CODE_SIGN_IDENTITY = "iPhone Developer";
                COPY_PHASE_STRIP = NO;
                DEBUG_INFORMATION_FORMAT = "dwarf-with-dsym";
                ENABLE_NS_ASSERTIONS = NO;
                ENABLE_STRICT_OBJC_MSGSEND = YES;
                GCC_C_LANGUAGE_STANDARD = gnu11;
                GCC_NO_COMMON_BLOCKS = YES;
                GCC_WARN_64_TO_32_BIT_CONVERSION = YES;
                GCC_WARN_ABOUT_RETURN_TYPE = YES_ERROR;
                GCC_WARN_UNDECLARED_SELECTOR = YES;
                GCC_WARN_UNINITIALIZED_AUTOS = YES_AGGRESSIVE;
                GCC_WARN_UNUSED_FUNCTION = YES;
                GCC_WARN_UNUSED_VARIABLE = YES;
                IPHONEOS_DEPLOYMENT_TARGET = 11.2;
                MTL_ENABLE_DEBUG_INFO = NO;
                SDKROOT = iphoneos;
                SWIFT_OPTIMIZATION_LEVEL = "-Owholemodule";
                VALIDATE_PRODUCT = YES;
            };
            name = Release;
        };
        C4984408200A899900CE8395 /* Debug */ = {
            isa = XCBuildConfiguration;
            buildSettings = {
                ASSETCATALOG_COMPILER_APPICON_NAME = AppIcon;
                CODE_SIGN_STYLE = Automatic;
                INFOPLIST_FILE = Project8/Info.plist;
                LD_RUNPATH_SEARCH_PATHS = "$(inherited) @executable_path/Frameworks";
                PRODUCT_BUNDLE_IDENTIFIER = com.example.Project8;
                PRODUCT_NAME = "$(TARGET_NAME)";
                SWIFT_VERSION = 4.0;
                TARGETED_DEVICE_FAMILY = "1,2";
            };
            name = Debug;
        };
        C4984409200A899900CE8395 /* Release */ = {
            isa = XCBuildConfiguration;
            buildSettings = {
                ASSETCATALOG_COMPILER_APPICON_NAME = AppIcon;
                CODE_SIGN_STYLE = Automatic;
                INFOPLIST_FILE = Project8/Info.plist;
                LD_RUNPATH_SEARCH_PATHS = "$(inherited) @executable_path/Frameworks";
                PRODUCT_BUNDLE_IDENTIFIER = com.example.Project8;
                PRODUCT_NAME = "$(TARGET_NAME)";
                SWIFT_VERSION = 4.0;
                TARGETED_DEVICE_FAMILY = "1,2";
            };
            name = Release;
        };
/* End XCBuildConfiguration section */

/* Begin XCConfigurationList section */
        C49843F0200A899900CE8395 /* Build configuration list for PBXProject "Project8" */ = {
            isa = XCConfigurationList;
            buildConfigurations = (
                C4984405200A899900CE8395 /* Debug */,
                C4984406200A899900CE8395 /* Release */,
            );
            defaultConfigurationIsVisible = 0;
            defaultConfigurationName = Release;
        };
        C4984407200A899900CE8395 /* Build configuration list for PBXNativeTarget "Project8" */ = {
            isa = XCConfigurationList;
            buildConfigurations = (
                C4984408200A899900CE8395 /* Debug */,
                C4984409200A899900CE8395 /* Release */,
            );
            defaultConfigurationIsVisible = 0;
            defaultConfigurationName = Release;
        };
/* End XCConfigurationList section */
    };
    rootObject = C49843ED200A899900CE8395 /* Project object */;
}
