// !$*UTF8*$!
{
	archiveVersion = 1;
	classes = {
	};
	objectVersion = 48;
	objects = {

/* Begin PBXBuildFile section */
		C4348AC71FFD628A000B2EF4 /* AppDelegate.swift in Sources */ = {isa = PBXBuildFile; fileRef = C4348AC61FFD628A000B2EF4 /* AppDelegate.swift */; };
		C4348AC91FFD628A000B2EF4 /* ViewController.swift in Sources */ = {isa = PBXBuildFile; fileRef = C4348AC81FFD628A000B2EF4 /* ViewController.swift */; };
		C4348ACC1FFD628A000B2EF4 /* Main.storyboard in Resources */ = {isa = PBXBuildFile; fileRef = C4348ACA1FFD628A000B2EF4 /* Main.storyboard */; };
		C4348ACE1FFD628A000B2EF4 /* Assets.xcassets in Resources */ = {isa = PBXBuildFile; fileRef = C4348ACD1FFD628A000B2EF4 /* Assets.xcassets */; };
		C4348AD11FFD628A000B2EF4 /* LaunchScreen.storyboard in Resources */ = {isa = PBXBuildFile; fileRef = C4348ACF1FFD628A000B2EF4 /* LaunchScreen.storyboard */; };
		C4348B451FFD63BB000B2EF4 /* italy.png in Resources */ = {isa = PBXBuildFile; fileRef = C4348B211FFD63B8000B2EF4 /* italy.png */; };
		C4348B461FFD63BB000B2EF4 /* germany@3x.png in Resources */ = {isa = PBXBuildFile; fileRef = C4348B221FFD63B8000B2EF4 /* germany@3x.png */; };
		C4348B471FFD63BB000B2EF4 /* ireland@2x.png in Resources */ = {isa = PBXBuildFile; fileRef = C4348B231FFD63B8000B2EF4 /* ireland@2x.png */; };
		C4348B481FFD63BB000B2EF4 /* us@3x.png in Resources */ = {isa = PBXBuildFile; fileRef = C4348B241FFD63B8000B2EF4 /* us@3x.png */; };
		C4348B491FFD63BB000B2EF4 /* nigeria@2x.png in Resources */ = {isa = PBXBuildFile; fileRef = C4348B251FFD63B8000B2EF4 /* nigeria@2x.png */; };
		C4348B4A1FFD63BB000B2EF4 /* ireland@3x.png in Resources */ = {isa = PBXBuildFile; fileRef = C4348B261FFD63B8000B2EF4 /* ireland@3x.png */; };
		C4348B4B1FFD63BB000B2EF4 /* russia@3x.png in Resources */ = {isa = PBXBuildFile; fileRef = C4348B271FFD63B8000B2EF4 /* russia@3x.png */; };
		C4348B4C1FFD63BB000B2EF4 /* us.png in Resources */ = {isa = PBXBuildFile; fileRef = C4348B281FFD63B8000B2EF4 /* us.png */; };
		C4348B4D1FFD63BB000B2EF4 /* poland@2x.png in Resources */ = {isa = PBXBuildFile; fileRef = C4348B291FFD63B8000B2EF4 /* poland@2x.png */; };
		C4348B4E1FFD63BB000B2EF4 /* russia.png in Resources */ = {isa = PBXBuildFile; fileRef = C4348B2A1FFD63B9000B2EF4 /* russia.png */; };
		C4348B4F1FFD63BB000B2EF4 /* poland.png in Resources */ = {isa = PBXBuildFile; fileRef = C4348B2B1FFD63B9000B2EF4 /* poland.png */; };
		C4348B501FFD63BB000B2EF4 /* monaco.png in Resources */ = {isa = PBXBuildFile; fileRef = C4348B2C1FFD63B9000B2EF4 /* monaco.png */; };
		C4348B511FFD63BB000B2EF4 /* spain@2x.png in Resources */ = {isa = PBXBuildFile; fileRef = C4348B2D1FFD63B9000B2EF4 /* spain@2x.png */; };
		C4348B521FFD63BB000B2EF4 /* estonia@3x.png in Resources */ = {isa = PBXBuildFile; fileRef = C4348B2E1FFD63B9000B2EF4 /* estonia@3x.png */; };
		C4348B531FFD63BB000B2EF4 /* uk.png in Resources */ = {isa = PBXBuildFile; fileRef = C4348B2F1FFD63B9000B2EF4 /* uk.png */; };
		C4348B541FFD63BB000B2EF4 /* estonia@2x.png in Resources */ = {isa = PBXBuildFile; fileRef = C4348B301FFD63B9000B2EF4 /* estonia@2x.png */; };
		C4348B551FFD63BB000B2EF4 /* germany.png in Resources */ = {isa = PBXBuildFile; fileRef = C4348B311FFD63B9000B2EF4 /* germany.png */; };
		C4348B561FFD63BB000B2EF4 /* france@3x.png in Resources */ = {isa = PBXBuildFile; fileRef = C4348B321FFD63B9000B2EF4 /* france@3x.png */; };
		C4348B571FFD63BB000B2EF4 /* russia@2x.png in Resources */ = {isa = PBXBuildFile; fileRef = C4348B331FFD63B9000B2EF4 /* russia@2x.png */; };
		C4348B581FFD63BB000B2EF4 /* monaco@3x.png in Resources */ = {isa = PBXBuildFile; fileRef = C4348B341FFD63B9000B2EF4 /* monaco@3x.png */; };
		C4348B591FFD63BB000B2EF4 /* us@2x.png in Resources */ = {isa = PBXBuildFile; fileRef = C4348B351FFD63B9000B2EF4 /* us@2x.png */; };
		C4348B5A1FFD63BB000B2EF4 /* italy@2x.png in Resources */ = {isa = PBXBuildFile; fileRef = C4348B361FFD63BA000B2EF4 /* italy@2x.png */; };
		C4348B5B1FFD63BB000B2EF4 /* germany@2x.png in Resources */ = {isa = PBXBuildFile; fileRef = C4348B371FFD63BA000B2EF4 /* germany@2x.png */; };
		C4348B5C1FFD63BB000B2EF4 /* estonia.png in Resources */ = {isa = PBXBuildFile; fileRef = C4348B381FFD63BA000B2EF4 /* estonia.png */; };
		C4348B5D1FFD63BB000B2EF4 /* nigeria.png in Resources */ = {isa = PBXBuildFile; fileRef = C4348B391FFD63BA000B2EF4 /* nigeria.png */; };
		C4348B5E1FFD63BB000B2EF4 /* spain@3x.png in Resources */ = {isa = PBXBuildFile; fileRef = C4348B3A1FFD63BA000B2EF4 /* spain@3x.png */; };
		C4348B5F1FFD63BB000B2EF4 /* poland@3x.png in Resources */ = {isa = PBXBuildFile; fileRef = C4348B3B1FFD63BA000B2EF4 /* poland@3x.png */; };
		C4348B601FFD63BB000B2EF4 /* uk@3x.png in Resources */ = {isa = PBXBuildFile; fileRef = C4348B3C1FFD63BA000B2EF4 /* uk@3x.png */; };
		C4348B611FFD63BB000B2EF4 /* france.png in Resources */ = {isa = PBXBuildFile; fileRef = C4348B3D1FFD63BA000B2EF4 /* france.png */; };
		C4348B621FFD63BB000B2EF4 /* monaco@2x.png in Resources */ = {isa = PBXBuildFile; fileRef = C4348B3E1FFD63BA000B2EF4 /* monaco@2x.png */; };
		C4348B631FFD63BB000B2EF4 /* nigeria@3x.png in Resources */ = {isa = PBXBuildFile; fileRef = C4348B3F1FFD63BA000B2EF4 /* nigeria@3x.png */; };
		C4348B641FFD63BB000B2EF4 /* spain.png in Resources */ = {isa = PBXBuildFile; fileRef = C4348B401FFD63BB000B2EF4 /* spain.png */; };
		C4348B651FFD63BB000B2EF4 /* ireland.png in Resources */ = {isa = PBXBuildFile; fileRef = C4348B411FFD63BB000B2EF4 /* ireland.png */; };
		C4348B661FFD63BB000B2EF4 /* uk@2x.png in Resources */ = {isa = PBXBuildFile; fileRef = C4348B421FFD63BB000B2EF4 /* uk@2x.png */; };
		C4348B671FFD63BB000B2EF4 /* italy@3x.png in Resources */ = {isa = PBXBuildFile; fileRef = C4348B431FFD63BB000B2EF4 /* italy@3x.png */; };
		C4348B681FFD63BB000B2EF4 /* france@2x.png in Resources */ = {isa = PBXBuildFile; fileRef = C4348B441FFD63BB000B2EF4 /* france@2x.png */; };
		C4348B6A1FFD6B7E000B2EF4 /* DetailViewController.swift in Sources */ = {isa = PBXBuildFile; fileRef = C4348B691FFD6B7E000B2EF4 /* DetailViewController.swift */; };
/* End PBXBuildFile section */

/* Begin PBXFileReference section */
		C4348AC31FFD628A000B2EF4 /* Milestone2.app */ = {isa = PBXFileReference; explicitFileType = wrapper.application; includeInIndex = 0; path = Milestone2.app; sourceTree = BUILT_PRODUCTS_DIR; };
		C4348AC61FFD628A000B2EF4 /* AppDelegate.swift */ = {isa = PBXFileReference; lastKnownFileType = sourcecode.swift; path = AppDelegate.swift; sourceTree = "<group>"; };
		C4348AC81FFD628A000B2EF4 /* ViewController.swift */ = {isa = PBXFileReference; lastKnownFileType = sourcecode.swift; path = ViewController.swift; sourceTree = "<group>"; };
		C4348ACB1FFD628A000B2EF4 /* Base */ = {isa = PBXFileReference; lastKnownFileType = file.storyboard; name = Base; path = Base.lproj/Main.storyboard; sourceTree = "<group>"; };
		C4348ACD1FFD628A000B2EF4 /* Assets.xcassets */ = {isa = PBXFileReference; lastKnownFileType = folder.assetcatalog; path = Assets.xcassets; sourceTree = "<group>"; };
		C4348AD01FFD628A000B2EF4 /* Base */ = {isa = PBXFileReference; lastKnownFileType = file.storyboard; name = Base; path = Base.lproj/LaunchScreen.storyboard; sourceTree = "<group>"; };
		C4348AD21FFD628A000B2EF4 /* Info.plist */ = {isa = PBXFileReference; lastKnownFileType = text.plist.xml; path = Info.plist; sourceTree = "<group>"; };
		C4348B211FFD63B8000B2EF4 /* italy.png */ = {isa = PBXFileReference; lastKnownFileType = image.png; path = italy.png; sourceTree = "<group>"; };
		C4348B221FFD63B8000B2EF4 /* germany@3x.png */ = {isa = PBXFileReference; lastKnownFileType = image.png; path = "germany@3x.png"; sourceTree = "<group>"; };
		C4348B231FFD63B8000B2EF4 /* ireland@2x.png */ = {isa = PBXFileReference; lastKnownFileType = image.png; path = "ireland@2x.png"; sourceTree = "<group>"; };
		C4348B241FFD63B8000B2EF4 /* us@3x.png */ = {isa = PBXFileReference; lastKnownFileType = image.png; path = "us@3x.png"; sourceTree = "<group>"; };
		C4348B251FFD63B8000B2EF4 /* nigeria@2x.png */ = {isa = PBXFileReference; lastKnownFileType = image.png; path = "nigeria@2x.png"; sourceTree = "<group>"; };
		C4348B261FFD63B8000B2EF4 /* ireland@3x.png */ = {isa = PBXFileReference; lastKnownFileType = image.png; path = "ireland@3x.png"; sourceTree = "<group>"; };
		C4348B271FFD63B8000B2EF4 /* russia@3x.png */ = {isa = PBXFileReference; lastKnownFileType = image.png; path = "russia@3x.png"; sourceTree = "<group>"; };
		C4348B281FFD63B8000B2EF4 /* us.png */ = {isa = PBXFileReference; lastKnownFileType = image.png; path = us.png; sourceTree = "<group>"; };
		C4348B291FFD63B8000B2EF4 /* poland@2x.png */ = {isa = PBXFileReference; lastKnownFileType = image.png; path = "poland@2x.png"; sourceTree = "<group>"; };
		C4348B2A1FFD63B9000B2EF4 /* russia.png */ = {isa = PBXFileReference; lastKnownFileType = image.png; path = russia.png; sourceTree = "<group>"; };
		C4348B2B1FFD63B9000B2EF4 /* poland.png */ = {isa = PBXFileReference; lastKnownFileType = image.png; path = poland.png; sourceTree = "<group>"; };
		C4348B2C1FFD63B9000B2EF4 /* monaco.png */ = {isa = PBXFileReference; lastKnownFileType = image.png; path = monaco.png; sourceTree = "<group>"; };
		C4348B2D1FFD63B9000B2EF4 /* spain@2x.png */ = {isa = PBXFileReference; lastKnownFileType = image.png; path = "spain@2x.png"; sourceTree = "<group>"; };
		C4348B2E1FFD63B9000B2EF4 /* estonia@3x.png */ = {isa = PBXFileReference; lastKnownFileType = image.png; path = "estonia@3x.png"; sourceTree = "<group>"; };
		C4348B2F1FFD63B9000B2EF4 /* uk.png */ = {isa = PBXFileReference; lastKnownFileType = image.png; path = uk.png; sourceTree = "<group>"; };
		C4348B301FFD63B9000B2EF4 /* estonia@2x.png */ = {isa = PBXFileReference; lastKnownFileType = image.png; path = "estonia@2x.png"; sourceTree = "<group>"; };
		C4348B311FFD63B9000B2EF4 /* germany.png */ = {isa = PBXFileReference; lastKnownFileType = image.png; path = germany.png; sourceTree = "<group>"; };
		C4348B321FFD63B9000B2EF4 /* france@3x.png */ = {isa = PBXFileReference; lastKnownFileType = image.png; path = "france@3x.png"; sourceTree = "<group>"; };
		C4348B331FFD63B9000B2EF4 /* russia@2x.png */ = {isa = PBXFileReference; lastKnownFileType = image.png; path = "russia@2x.png"; sourceTree = "<group>"; };
		C4348B341FFD63B9000B2EF4 /* monaco@3x.png */ = {isa = PBXFileReference; lastKnownFileType = image.png; path = "monaco@3x.png"; sourceTree = "<group>"; };
		C4348B351FFD63B9000B2EF4 /* us@2x.png */ = {isa = PBXFileReference; lastKnownFileType = image.png; path = "us@2x.png"; sourceTree = "<group>"; };
		C4348B361FFD63BA000B2EF4 /* italy@2x.png */ = {isa = PBXFileReference; lastKnownFileType = image.png; path = "italy@2x.png"; sourceTree = "<group>"; };
		C4348B371FFD63BA000B2EF4 /* germany@2x.png */ = {isa = PBXFileReference; lastKnownFileType = image.png; path = "germany@2x.png"; sourceTree = "<group>"; };
		C4348B381FFD63BA000B2EF4 /* estonia.png */ = {isa = PBXFileReference; lastKnownFileType = image.png; path = estonia.png; sourceTree = "<group>"; };
		C4348B391FFD63BA000B2EF4 /* nigeria.png */ = {isa = PBXFileReference; lastKnownFileType = image.png; path = nigeria.png; sourceTree = "<group>"; };
		C4348B3A1FFD63BA000B2EF4 /* spain@3x.png */ = {isa = PBXFileReference; lastKnownFileType = image.png; path = "spain@3x.png"; sourceTree = "<group>"; };
		C4348B3B1FFD63BA000B2EF4 /* poland@3x.png */ = {isa = PBXFileReference; lastKnownFileType = image.png; path = "poland@3x.png"; sourceTree = "<group>"; };
		C4348B3C1FFD63BA000B2EF4 /* uk@3x.png */ = {isa = PBXFileReference; lastKnownFileType = image.png; path = "uk@3x.png"; sourceTree = "<group>"; };
		C4348B3D1FFD63BA000B2EF4 /* france.png */ = {isa = PBXFileReference; lastKnownFileType = image.png; path = france.png; sourceTree = "<group>"; };
		C4348B3E1FFD63BA000B2EF4 /* monaco@2x.png */ = {isa = PBXFileReference; lastKnownFileType = image.png; path = "monaco@2x.png"; sourceTree = "<group>"; };
		C4348B3F1FFD63BA000B2EF4 /* nigeria@3x.png */ = {isa = PBXFileReference; lastKnownFileType = image.png; path = "nigeria@3x.png"; sourceTree = "<group>"; };
		C4348B401FFD63BB000B2EF4 /* spain.png */ = {isa = PBXFileReference; lastKnownFileType = image.png; path = spain.png; sourceTree = "<group>"; };
		C4348B411FFD63BB000B2EF4 /* ireland.png */ = {isa = PBXFileReference; lastKnownFileType = image.png; path = ireland.png; sourceTree = "<group>"; };
		C4348B421FFD63BB000B2EF4 /* uk@2x.png */ = {isa = PBXFileReference; lastKnownFileType = image.png; path = "uk@2x.png"; sourceTree = "<group>"; };
		C4348B431FFD63BB000B2EF4 /* italy@3x.png */ = {isa = PBXFileReference; lastKnownFileType = image.png; path = "italy@3x.png"; sourceTree = "<group>"; };
		C4348B441FFD63BB000B2EF4 /* france@2x.png */ = {isa = PBXFileReference; lastKnownFileType = image.png; path = "france@2x.png"; sourceTree = "<group>"; };
		C4348B691FFD6B7E000B2EF4 /* DetailViewController.swift */ = {isa = PBXFileReference; lastKnownFileType = sourcecode.swift; path = DetailViewController.swift; sourceTree = "<group>"; };
/* End PBXFileReference section */

/* Begin PBXFrameworksBuildPhase section */
		C4348AC01FFD628A000B2EF4 /* Frameworks */ = {
			isa = PBXFrameworksBuildPhase;
			buildActionMask = 2147483647;
			files = (
			);
			runOnlyForDeploymentPostprocessing = 0;
		};
/* End PBXFrameworksBuildPhase section */

/* Begin PBXGroup section */
		C4348ABA1FFD628A000B2EF4 = {
			isa = PBXGroup;
			children = (
				C4348AC51FFD628A000B2EF4 /* Milestone2 */,
				C4348AC41FFD628A000B2EF4 /* Products */,
			);
			sourceTree = "<group>";
		};
		C4348AC41FFD628A000B2EF4 /* Products */ = {
			isa = PBXGroup;
			children = (
				C4348AC31FFD628A000B2EF4 /* Milestone2.app */,
			);
			name = Products;
			sourceTree = "<group>";
		};
		C4348AC51FFD628A000B2EF4 /* Milestone2 */ = {
			isa = PBXGroup;
			children = (
				C4348B201FFD633E000B2EF4 /* Content */,
				C4348AC61FFD628A000B2EF4 /* AppDelegate.swift */,
				C4348AC81FFD628A000B2EF4 /* ViewController.swift */,
				C4348ACA1FFD628A000B2EF4 /* Main.storyboard */,
				C4348B691FFD6B7E000B2EF4 /* DetailViewController.swift */,
				C4348ACD1FFD628A000B2EF4 /* Assets.xcassets */,
				C4348ACF1FFD628A000B2EF4 /* LaunchScreen.storyboard */,
				C4348AD21FFD628A000B2EF4 /* Info.plist */,
			);
			path = Milestone2;
			sourceTree = "<group>";
		};
		C4348B201FFD633E000B2EF4 /* Content */ = {
			isa = PBXGroup;
			children = (
				C4348B381FFD63BA000B2EF4 /* estonia.png */,
				C4348B301FFD63B9000B2EF4 /* estonia@2x.png */,
				C4348B2E1FFD63B9000B2EF4 /* estonia@3x.png */,
				C4348B3D1FFD63BA000B2EF4 /* france.png */,
				C4348B441FFD63BB000B2EF4 /* france@2x.png */,
				C4348B321FFD63B9000B2EF4 /* france@3x.png */,
				C4348B311FFD63B9000B2EF4 /* germany.png */,
				C4348B371FFD63BA000B2EF4 /* germany@2x.png */,
				C4348B221FFD63B8000B2EF4 /* germany@3x.png */,
				C4348B411FFD63BB000B2EF4 /* ireland.png */,
				C4348B231FFD63B8000B2EF4 /* ireland@2x.png */,
				C4348B261FFD63B8000B2EF4 /* ireland@3x.png */,
				C4348B211FFD63B8000B2EF4 /* italy.png */,
				C4348B361FFD63BA000B2EF4 /* italy@2x.png */,
				C4348B431FFD63BB000B2EF4 /* italy@3x.png */,
				C4348B2C1FFD63B9000B2EF4 /* monaco.png */,
				C4348B3E1FFD63BA000B2EF4 /* monaco@2x.png */,
				C4348B341FFD63B9000B2EF4 /* monaco@3x.png */,
				C4348B391FFD63BA000B2EF4 /* nigeria.png */,
				C4348B251FFD63B8000B2EF4 /* nigeria@2x.png */,
				C4348B3F1FFD63BA000B2EF4 /* nigeria@3x.png */,
				C4348B2B1FFD63B9000B2EF4 /* poland.png */,
				C4348B291FFD63B8000B2EF4 /* poland@2x.png */,
				C4348B3B1FFD63BA000B2EF4 /* poland@3x.png */,
				C4348B2A1FFD63B9000B2EF4 /* russia.png */,
				C4348B331FFD63B9000B2EF4 /* russia@2x.png */,
				C4348B271FFD63B8000B2EF4 /* russia@3x.png */,
				C4348B401FFD63BB000B2EF4 /* spain.png */,
				C4348B2D1FFD63B9000B2EF4 /* spain@2x.png */,
				C4348B3A1FFD63BA000B2EF4 /* spain@3x.png */,
				C4348B2F1FFD63B9000B2EF4 /* uk.png */,
				C4348B421FFD63BB000B2EF4 /* uk@2x.png */,
				C4348B3C1FFD63BA000B2EF4 /* uk@3x.png */,
				C4348B281FFD63B8000B2EF4 /* us.png */,
				C4348B351FFD63B9000B2EF4 /* us@2x.png */,
				C4348B241FFD63B8000B2EF4 /* us@3x.png */,
			);
			path = Content;
			sourceTree = "<group>";
		};
/* End PBXGroup section */

/* Begin PBXNativeTarget section */
		C4348AC21FFD628A000B2EF4 /* Milestone2 */ = {
			isa = PBXNativeTarget;
			buildConfigurationList = C4348AD51FFD628A000B2EF4 /* Build configuration list for PBXNativeTarget "Milestone2" */;
			buildPhases = (
				C4348ABF1FFD628A000B2EF4 /* Sources */,
				C4348AC01FFD628A000B2EF4 /* Frameworks */,
				C4348AC11FFD628A000B2EF4 /* Resources */,
			);
			buildRules = (
			);
			dependencies = (
			);
			name = Milestone2;
			productName = Milestone2;
			productReference = C4348AC31FFD628A000B2EF4 /* Milestone2.app */;
			productType = "com.apple.product-type.application";
		};
/* End PBXNativeTarget section */

/* Begin PBXProject section */
		C4348ABB1FFD628A000B2EF4 /* Project object */ = {
			isa = PBXProject;
			attributes = {
				LastSwiftUpdateCheck = 0920;
				LastUpgradeCheck = 0920;
				ORGANIZATIONNAME = "Jack Mustacato";
				TargetAttributes = {
					C4348AC21FFD628A000B2EF4 = {
						CreatedOnToolsVersion = 9.2;
						ProvisioningStyle = Automatic;
					};
				};
			};
			buildConfigurationList = C4348ABE1FFD628A000B2EF4 /* Build configuration list for PBXProject "Milestone2" */;
			compatibilityVersion = "Xcode 8.0";
			developmentRegion = en;
			hasScannedForEncodings = 0;
			knownRegions = (
				en,
				Base,
			);
			mainGroup = C4348ABA1FFD628A000B2EF4;
			productRefGroup = C4348AC41FFD628A000B2EF4 /* Products */;
			projectDirPath = "";
			projectRoot = "";
			targets = (
				C4348AC21FFD628A000B2EF4 /* Milestone2 */,
			);
		};
/* End PBXProject section */

/* Begin PBXResourcesBuildPhase section */
		C4348AC11FFD628A000B2EF4 /* Resources */ = {
			isa = PBXResourcesBuildPhase;
			buildActionMask = 2147483647;
			files = (
				C4348B621FFD63BB000B2EF4 /* monaco@2x.png in Resources */,
				C4348AD11FFD628A000B2EF4 /* LaunchScreen.storyboard in Resources */,
				C4348B601FFD63BB000B2EF4 /* uk@3x.png in Resources */,
				C4348B481FFD63BB000B2EF4 /* us@3x.png in Resources */,
				C4348B5B1FFD63BB000B2EF4 /* germany@2x.png in Resources */,
				C4348B681FFD63BB000B2EF4 /* france@2x.png in Resources */,
				C4348B501FFD63BB000B2EF4 /* monaco.png in Resources */,
				C4348B4E1FFD63BB000B2EF4 /* russia.png in Resources */,
				C4348B5D1FFD63BB000B2EF4 /* nigeria.png in Resources */,
				C4348B5C1FFD63BB000B2EF4 /* estonia.png in Resources */,
				C4348B541FFD63BB000B2EF4 /* estonia@2x.png in Resources */,
				C4348B561FFD63BB000B2EF4 /* france@3x.png in Resources */,
				C4348B591FFD63BB000B2EF4 /* us@2x.png in Resources */,
				C4348B511FFD63BB000B2EF4 /* spain@2x.png in Resources */,
				C4348B611FFD63BB000B2EF4 /* france.png in Resources */,
				C4348B5F1FFD63BB000B2EF4 /* poland@3x.png in Resources */,
				C4348B491FFD63BB000B2EF4 /* nigeria@2x.png in Resources */,
				C4348ACE1FFD628A000B2EF4 /* Assets.xcassets in Resources */,
				C4348B661FFD63BB000B2EF4 /* uk@2x.png in Resources */,
				C4348B631FFD63BB000B2EF4 /* nigeria@3x.png in Resources */,
				C4348B571FFD63BB000B2EF4 /* russia@2x.png in Resources */,
				C4348ACC1FFD628A000B2EF4 /* Main.storyboard in Resources */,
				C4348B5E1FFD63BB000B2EF4 /* spain@3x.png in Resources */,
				C4348B551FFD63BB000B2EF4 /* germany.png in Resources */,
				C4348B461FFD63BB000B2EF4 /* germany@3x.png in Resources */,
				C4348B521FFD63BB000B2EF4 /* estonia@3x.png in Resources */,
				C4348B471FFD63BB000B2EF4 /* ireland@2x.png in Resources */,
				C4348B5A1FFD63BB000B2EF4 /* italy@2x.png in Resources */,
				C4348B531FFD63BB000B2EF4 /* uk.png in Resources */,
				C4348B581FFD63BB000B2EF4 /* monaco@3x.png in Resources */,
				C4348B451FFD63BB000B2EF4 /* italy.png in Resources */,
				C4348B4D1FFD63BB000B2EF4 /* poland@2x.png in Resources */,
				C4348B4B1FFD63BB000B2EF4 /* russia@3x.png in Resources */,
				C4348B4C1FFD63BB000B2EF4 /* us.png in Resources */,
				C4348B4A1FFD63BB000B2EF4 /* ireland@3x.png in Resources */,
				C4348B651FFD63BB000B2EF4 /* ireland.png in Resources */,
				C4348B4F1FFD63BB000B2EF4 /* poland.png in Resources */,
				C4348B641FFD63BB000B2EF4 /* spain.png in Resources */,
				C4348B671FFD63BB000B2EF4 /* italy@3x.png in Resources */,
			);
			runOnlyForDeploymentPostprocessing = 0;
		};
/* End PBXResourcesBuildPhase section */

/* Begin PBXSourcesBuildPhase section */
		C4348ABF1FFD628A000B2EF4 /* Sources */ = {
			isa = PBXSourcesBuildPhase;
			buildActionMask = 2147483647;
			files = (
				C4348B6A1FFD6B7E000B2EF4 /* DetailViewController.swift in Sources */,
				C4348AC91FFD628A000B2EF4 /* ViewController.swift in Sources */,
				C4348AC71FFD628A000B2EF4 /* AppDelegate.swift in Sources */,
			);
			runOnlyForDeploymentPostprocessing = 0;
		};
/* End PBXSourcesBuildPhase section */

/* Begin PBXVariantGroup section */
		C4348ACA1FFD628A000B2EF4 /* Main.storyboard */ = {
			isa = PBXVariantGroup;
			children = (
				C4348ACB1FFD628A000B2EF4 /* Base */,
			);
			name = Main.storyboard;
			sourceTree = "<group>";
		};
		C4348ACF1FFD628A000B2EF4 /* LaunchScreen.storyboard */ = {
			isa = PBXVariantGroup;
			children = (
				C4348AD01FFD628A000B2EF4 /* Base */,
			);
			name = LaunchScreen.storyboard;
			sourceTree = "<group>";
		};
/* End PBXVariantGroup section */

/* Begin XCBuildConfiguration section */
		C4348AD31FFD628A000B2EF4 /* Debug */ = {
			isa = XCBuildConfiguration;
			buildSettings = {
				ALWAYS_SEARCH_USER_PATHS = NO;
				CLANG_ANALYZER_NONNULL = YES;
				CLANG_ANALYZER_NUMBER_OBJECT_CONVERSION = YES_AGGRESSIVE;
				CLANG_CXX_LANGUAGE_STANDARD = "gnu++14";
				CLANG_CXX_LIBRARY = "libc++";
				CLANG_ENABLE_MODULES = YES;
				CLANG_ENABLE_OBJC_ARC = YES;
				CLANG_WARN_BLOCK_CAPTURE_AUTORELEASING = YES;
				CLANG_WARN_BOOL_CONVERSION = YES;
				CLANG_WARN_COMMA = YES;
				CLANG_WARN_CONSTANT_CONVERSION = YES;
				CLANG_WARN_DIRECT_OBJC_ISA_USAGE = YES_ERROR;
				CLANG_WARN_DOCUMENTATION_COMMENTS = YES;
				CLANG_WARN_EMPTY_BODY = YES;
				CLANG_WARN_ENUM_CONVERSION = YES;
				CLANG_WARN_INFINITE_RECURSION = YES;
				CLANG_WARN_INT_CONVERSION = YES;
				CLANG_WARN_NON_LITERAL_NULL_CONVERSION = YES;
				CLANG_WARN_OBJC_LITERAL_CONVERSION = YES;
				CLANG_WARN_OBJC_ROOT_CLASS = YES_ERROR;
				CLANG_WARN_RANGE_LOOP_ANALYSIS = YES;
				CLANG_WARN_STRICT_PROTOTYPES = YES;
				CLANG_WARN_SUSPICIOUS_MOVE = YES;
				CLANG_WARN_UNGUARDED_AVAILABILITY = YES_AGGRESSIVE;
				CLANG_WARN_UNREACHABLE_CODE = YES;
				CLANG_WARN__DUPLICATE_METHOD_MATCH = YES;
				CODE_SIGN_IDENTITY = "iPhone Developer";
				COPY_PHASE_STRIP = NO;
				DEBUG_INFORMATION_FORMAT = dwarf;
				ENABLE_STRICT_OBJC_MSGSEND = YES;
				ENABLE_TESTABILITY = YES;
				GCC_C_LANGUAGE_STANDARD = gnu11;
				GCC_DYNAMIC_NO_PIC = NO;
				GCC_NO_COMMON_BLOCKS = YES;
				GCC_OPTIMIZATION_LEVEL = 0;
				GCC_PREPROCESSOR_DEFINITIONS = (
					"DEBUG=1",
					"$(inherited)",
				);
				GCC_WARN_64_TO_32_BIT_CONVERSION = YES;
				GCC_WARN_ABOUT_RETURN_TYPE = YES_ERROR;
				GCC_WARN_UNDECLARED_SELECTOR = YES;
				GCC_WARN_UNINITIALIZED_AUTOS = YES_AGGRESSIVE;
				GCC_WARN_UNUSED_FUNCTION = YES;
				GCC_WARN_UNUSED_VARIABLE = YES;
				IPHONEOS_DEPLOYMENT_TARGET = 11.2;
				MTL_ENABLE_DEBUG_INFO = YES;
				ONLY_ACTIVE_ARCH = YES;
				SDKROOT = iphoneos;
				SWIFT_ACTIVE_COMPILATION_CONDITIONS = DEBUG;
				SWIFT_OPTIMIZATION_LEVEL = "-Onone";
			};
			name = Debug;
		};
		C4348AD41FFD628A000B2EF4 /* Release */ = {
			isa = XCBuildConfiguration;
			buildSettings = {
				ALWAYS_SEARCH_USER_PATHS = NO;
				CLANG_ANALYZER_NONNULL = YES;
				CLANG_ANALYZER_NUMBER_OBJECT_CONVERSION = YES_AGGRESSIVE;
				CLANG_CXX_LANGUAGE_STANDARD = "gnu++14";
				CLANG_CXX_LIBRARY = "libc++";
				CLANG_ENABLE_MODULES = YES;
				CLANG_ENABLE_OBJC_ARC = YES;
				CLANG_WARN_BLOCK_CAPTURE_AUTORELEASING = YES;
				CLANG_WARN_BOOL_CONVERSION = YES;
				CLANG_WARN_COMMA = YES;
				CLANG_WARN_CONSTANT_CONVERSION = YES;
				CLANG_WARN_DIRECT_OBJC_ISA_USAGE = YES_ERROR;
				CLANG_WARN_DOCUMENTATION_COMMENTS = YES;
				CLANG_WARN_EMPTY_BODY = YES;
				CLANG_WARN_ENUM_CONVERSION = YES;
				CLANG_WARN_INFINITE_RECURSION = YES;
				CLANG_WARN_INT_CONVERSION = YES;
				CLANG_WARN_NON_LITERAL_NULL_CONVERSION = YES;
				CLANG_WARN_OBJC_LITERAL_CONVERSION = YES;
				CLANG_WARN_OBJC_ROOT_CLASS = YES_ERROR;
				CLANG_WARN_RANGE_LOOP_ANALYSIS = YES;
				CLANG_WARN_STRICT_PROTOTYPES = YES;
				CLANG_WARN_SUSPICIOUS_MOVE = YES;
				CLANG_WARN_UNGUARDED_AVAILABILITY = YES_AGGRESSIVE;
				CLANG_WARN_UNREACHABLE_CODE = YES;
				CLANG_WARN__DUPLICATE_METHOD_MATCH = YES;
				CODE_SIGN_IDENTITY = "iPhone Developer";
				COPY_PHASE_STRIP = NO;
				DEBUG_INFORMATION_FORMAT = "dwarf-with-dsym";
				ENABLE_NS_ASSERTIONS = NO;
				ENABLE_STRICT_OBJC_MSGSEND = YES;
				GCC_C_LANGUAGE_STANDARD = gnu11;
				GCC_NO_COMMON_BLOCKS = YES;
				GCC_WARN_64_TO_32_BIT_CONVERSION = YES;
				GCC_WARN_ABOUT_RETURN_TYPE = YES_ERROR;
				GCC_WARN_UNDECLARED_SELECTOR = YES;
				GCC_WARN_UNINITIALIZED_AUTOS = YES_AGGRESSIVE;
				GCC_WARN_UNUSED_FUNCTION = YES;
				GCC_WARN_UNUSED_VARIABLE = YES;
				IPHONEOS_DEPLOYMENT_TARGET = 11.2;
				MTL_ENABLE_DEBUG_INFO = NO;
				SDKROOT = iphoneos;
				SWIFT_OPTIMIZATION_LEVEL = "-Owholemodule";
				VALIDATE_PRODUCT = YES;
			};
			name = Release;
		};
		C4348AD61FFD628A000B2EF4 /* Debug */ = {
			isa = XCBuildConfiguration;
			buildSettings = {
				ASSETCATALOG_COMPILER_APPICON_NAME = AppIcon;
				CODE_SIGN_STYLE = Automatic;
				INFOPLIST_FILE = Milestone2/Info.plist;
				LD_RUNPATH_SEARCH_PATHS = "$(inherited) @executable_path/Frameworks";
				PRODUCT_BUNDLE_IDENTIFIER = com.example.Milestone2;
				PRODUCT_NAME = "$(TARGET_NAME)";
				SWIFT_VERSION = 4.0;
				TARGETED_DEVICE_FAMILY = "1,2";
			};
			name = Debug;
		};
		C4348AD71FFD628A000B2EF4 /* Release */ = {
			isa = XCBuildConfiguration;
			buildSettings = {
				ASSETCATALOG_COMPILER_APPICON_NAME = AppIcon;
				CODE_SIGN_STYLE = Automatic;
				INFOPLIST_FILE = Milestone2/Info.plist;
				LD_RUNPATH_SEARCH_PATHS = "$(inherited) @executable_path/Frameworks";
				PRODUCT_BUNDLE_IDENTIFIER = com.example.Milestone2;
				PRODUCT_NAME = "$(TARGET_NAME)";
				SWIFT_VERSION = 4.0;
				TARGETED_DEVICE_FAMILY = "1,2";
			};
			name = Release;
		};
/* End XCBuildConfiguration section */

/* Begin XCConfigurationList section */
		C4348ABE1FFD628A000B2EF4 /* Build configuration list for PBXProject "Milestone2" */ = {
			isa = XCConfigurationList;
			buildConfigurations = (
				C4348AD31FFD628A000B2EF4 /* Debug */,
				C4348AD41FFD628A000B2EF4 /* Release */,
			);
			defaultConfigurationIsVisible = 0;
			defaultConfigurationName = Release;
		};
		C4348AD51FFD628A000B2EF4 /* Build configuration list for PBXNativeTarget "Milestone2" */ = {
			isa = XCConfigurationList;
			buildConfigurations = (
				C4348AD61FFD628A000B2EF4 /* Debug */,
				C4348AD71FFD628A000B2EF4 /* Release */,
			);
			defaultConfigurationIsVisible = 0;
			defaultConfigurationName = Release;
		};
/* End XCConfigurationList section */
	};
	rootObject = C4348ABB1FFD628A000B2EF4 /* Project object */;
}
